<?xml version="1.0" encoding="utf-8"?>
<Project ToolsVersion="4.0" xmlns="http://schemas.microsoft.com/developer/msbuild/2003">
  <ItemGroup>
    <Filter Include="Source Files">
      <UniqueIdentifier>{4FC737F1-C7A5-4376-A066-2A32D752A2FF}</UniqueIdentifier>
      <Extensions>cpp;c;cc;cxx;def;odl;idl;hpj;bat;asm;asmx</Extensions>
    </Filter>
    <Filter Include="Header Files">
      <UniqueIdentifier>{93995380-89BD-4b04-88EB-625FBE52EBFB}</UniqueIdentifier>
      <Extensions>h;hpp;hxx;hm;inl;inc;xsd</Extensions>
    </Filter>
    <Filter Include="Resource Files">
      <UniqueIdentifier>{67DA6AB6-F800-4c08-8B7A-83BB121AAD01}</UniqueIdentifier>
      <Extensions>rc;ico;cur;bmp;dlg;rc2;rct;bin;rgs;gif;jpg;jpeg;jpe;resx;tiff;tif;png;wav;mfcribbon-ms</Extensions>
    </Filter>
  </ItemGroup>
  <ItemGroup>
    <None Include="ReadMe.txt" />
    <None Include="..\src\zisync\kernel\proto\kernel.proto" />
  </ItemGroup>
  <ItemGroup>
    <ClCompile Include="..\src\zisync\kernel\database\icore.cc">
      <Filter>Source Files</Filter>
    </ClCompile>
    <ClCompile Include="..\src\zisync\kernel\database\icontent.cc">
      <Filter>Source Files</Filter>
    </ClCompile>
    <ClCompile Include="..\src\zisync\kernel\database\xsqlite.cc">
      <Filter>Source Files</Filter>
    </ClCompile>
    <ClCompile Include="..\src\zisync\kernel\database\content_provider.cc">
      <Filter>Source Files</Filter>
    </ClCompile>
    <ClCompile Include="..\src\zisync\kernel\database\content_resolver.cc">
      <Filter>Source Files</Filter>
    </ClCompile>
    <ClCompile Include="..\src\zisync\kernel\proto\kernel.pb.cc">
      <Filter>Source Files</Filter>
    </ClCompile>
    <ClCompile Include="..\src\zisync\kernel\transfer\transfer.pb.cc">
      <Filter>Source Files</Filter>
    </ClCompile>
    <ClCompile Include="..\src\zisync\kernel\zslog.cc">
      <Filter>Source Files</Filter>
    </ClCompile>
    <ClCompile Include="..\src\zisync\kernel\kernel.cc">
      <Filter>Source Files</Filter>
    </ClCompile>
    <ClCompile Include="..\src\zisync\kernel\database\table.cc">
      <Filter>Source Files</Filter>
    </ClCompile>
    <ClCompile Include="..\src\zisync\kernel\worker\inner_worker.cc">
      <Filter>Source Files</Filter>
    </ClCompile>
    <ClCompile Include="..\src\zisync\kernel\utils\error.cc">
      <Filter>Source Files</Filter>
    </ClCompile>
    <ClCompile Include="..\src\zisync\kernel\utils\zmq.cc">
      <Filter>Source Files</Filter>
    </ClCompile>
    <ClCompile Include="..\src\zisync\kernel\utils\cipher.cc">
      <Filter>Source Files</Filter>
    </ClCompile>
    <ClCompile Include="..\src\zisync\kernel\router.cc">
      <Filter>Source Files</Filter>
    </ClCompile>
    <ClCompile Include="..\src\zisync\kernel\utils\sha.cc">
      <Filter>Source Files</Filter>
    </ClCompile>
    <ClCompile Include="..\src\zisync\kernel\platform\platform.cc">
      <Filter>Source Files</Filter>
    </ClCompile>
    <ClCompile Include="src\default_logger.cc">
      <Filter>Source Files</Filter>
    </ClCompile>
    <ClCompile Include="..\src\zisync\kernel\utils\usn.cc">
      <Filter>Source Files</Filter>
    </ClCompile>
    <ClCompile Include="..\src\zisync\kernel\utils\vector_clock.cc">
      <Filter>Source Files</Filter>
    </ClCompile>
    <ClCompile Include="..\src\zisync\kernel\worker\worker.cc">
      <Filter>Source Files</Filter>
    </ClCompile>
    <ClCompile Include="..\src\zisync\kernel\worker\refresh_worker.cc">
      <Filter>Source Files</Filter>
    </ClCompile>
    <ClCompile Include="..\src\zisync\kernel\utils\configure.cc">
      <Filter>Source Files</Filter>
    </ClCompile>
    <ClCompile Include="..\src\zisync\kernel\sync_tree_agent.cc">
      <Filter>Source Files</Filter>
    </ClCompile>
    <ClCompile Include="..\src\zisync\kernel\database\content.cc">
      <Filter>Source Files</Filter>
    </ClCompile>
    <ClCompile Include="..\src\zisync\kernel\worker\outer_worker.cc">
      <Filter>Source Files</Filter>
    </ClCompile>
    <ClCompile Include="..\src\zisync\kernel\worker\sync_worker.cc">
      <Filter>Source Files</Filter>
    </ClCompile>
    <ClCompile Include="..\src\zisync\kernel\monitor\monitor.cc">
      <Filter>Source Files</Filter>
    </ClCompile>
    <ClCompile Include="..\src\zisync\kernel\utils\message.cc">
      <Filter>Source Files</Filter>
    </ClCompile>
    <ClCompile Include="..\src\zisync\kernel\utils\read_fs_task.cc">
      <Filter>Source Files</Filter>
    </ClCompile>
    <ClCompile Include="..\src\zisync\kernel\utils\file_stat.cc">
      <Filter>Source Files</Filter>
    </ClCompile>
    <ClCompile Include="..\src\zisync\kernel\worker\sync_file_task.cc">
      <Filter>Source Files</Filter>
    </ClCompile>
    <ClCompile Include="..\src\zisync\kernel\monitor\fs_monitor.cc">
      <Filter>Source Files</Filter>
    </ClCompile>
    <ClCompile Include="..\src\zisync\kernel\worker\sync_file.cc">
      <Filter>Source Files</Filter>
    </ClCompile>
    <ClCompile Include="..\src\zisync\kernel\utils\pkcs12_cert.cc">
      <Filter>Source Files</Filter>
    </ClCompile>
    <ClCompile Include="..\src\zisync\kernel\utils\x509_cert.cc">
      <Filter>Source Files</Filter>
    </ClCompile>
    <ClCompile Include="..\src\zisync\kernel\transfer\task_monitor.cc">
      <Filter>Source Files</Filter>
    </ClCompile>
    <ClCompile Include="..\src\zisync\kernel\utils\abort.cc">
      <Filter>Source Files</Filter>
    </ClCompile>
    <ClCompile Include="..\src\zisync\kernel\utils\sync_list.cc">
      <Filter>Source Files</Filter>
    </ClCompile>
    <ClCompile Include="..\src\zisync\kernel\utils\context.cc">
      <Filter>Source Files</Filter>
    </ClCompile>
    <ClCompile Include="..\src\zisync\kernel\monitor\delayed_directory_change_handler.cc">
      <Filter>Source Files</Filter>
    </ClCompile>
    <ClCompile Include="..\src\zisync\kernel\monitor\directory_changes_windows.cc">
      <Filter>Source Files</Filter>
    </ClCompile>
    <ClCompile Include="..\src\zisync\kernel\utils\event_notifier.cc">
      <Filter>Source Files</Filter>
    </ClCompile>
    <ClCompile Include="..\src\zisync\kernel\utils\issue_request.cc">
      <Filter>Source Files</Filter>
    </ClCompile>
    <ClCompile Include="..\src\zisync\kernel\tree_status.cc">
      <Filter>Source Files</Filter>
    </ClCompile>
    <ClCompile Include="..\src\zisync\kernel\format.cc">
      <Filter>Source Files</Filter>
    </ClCompile>
    <ClCompile Include="..\src\zisync\kernel\utils\discover_device.cc">
      <Filter>Source Files</Filter>
    </ClCompile>
    <ClCompile Include="..\src\zisync\kernel\utils\tree_mutex.cc">
      <Filter>Source Files</Filter>
    </ClCompile>
    <ClCompile Include="..\src\zisync\kernel\utils\trie.cc">
      <Filter>Source Files</Filter>
    </ClCompile>
    <ClCompile Include="..\src\zisync\kernel\utils\download.cc">
      <Filter>Source Files</Filter>
    </ClCompile>
    <ClCompile Include="..\src\zisync\kernel\utils\inner_request.cc">
      <Filter>Source Files</Filter>
    </ClCompile>
    <ClCompile Include="..\src\zisync\kernel\utils\normalize_path.cc">
      <Filter>Source Files</Filter>
    </ClCompile>
    <ClCompile Include="..\src\zisync\kernel\utils\normalize_path_linux.cc">
      <Filter>Source Files</Filter>
    </ClCompile>
    <ClCompile Include="..\src\zisync\kernel\utils\normalize_path_window.cc">
      <Filter>Source Files</Filter>
    </ClCompile>
    <ClCompile Include="..\src\zisync\kernel\utils\utils.cc">
      <Filter>Source Files</Filter>
    </ClCompile>
    <ClCompile Include="..\src\zisync\kernel\utils\ignore.cc">
      <Filter>Source Files</Filter>
    </ClCompile>
    <ClCompile Include="..\src\zisync\kernel\utils\device.cc">
      <Filter>Source Files</Filter>
    </ClCompile>
    <ClCompile Include="..\src\zisync\kernel\utils\sync.cc">
      <Filter>Source Files</Filter>
    </ClCompile>
    <ClCompile Include="..\src\zisync\kernel\utils\tree.cc">
      <Filter>Source Files</Filter>
    </ClCompile>
    <ClCompile Include="..\src\zisync\kernel\utils\rename.cc">
      <Filter>Source Files</Filter>
    </ClCompile>
    <ClCompile Include="..\src\zisync\kernel\utils\query_cache.cc">
      <Filter>Source Files</Filter>
    </ClCompile>
    <ClCompile Include="..\src\zisync\kernel\utils\sync_updater.cc">
      <Filter>Source Files</Filter>
    </ClCompile>
    <ClCompile Include="..\src\zisync\kernel\utils\tree_traverse.cc">
      <Filter>Source Files</Filter>
    </ClCompile>
    <ClCompile Include="..\src\zisync\kernel\utils\reportdata_handler.cc">
      <Filter>Source Files</Filter>
    </ClCompile>
    <ClCompile Include="..\src\zisync\kernel\libevent\dht.c">
      <Filter>Source Files</Filter>
    </ClCompile>
    <ClCompile Include="..\src\zisync\kernel\libevent\dht_func.c">
      <Filter>Source Files</Filter>
    </ClCompile>
    <ClCompile Include="..\src\zisync\kernel\libevent\discover_data_source.cc">
      <Filter>Source Files</Filter>
    </ClCompile>
    <ClCompile Include="..\src\zisync\kernel\libevent\discover_server.cc">
      <Filter>Source Files</Filter>
    </ClCompile>
    <ClCompile Include="..\src\zisync\kernel\libevent\http_request.cc">
      <Filter>Source Files</Filter>
    </ClCompile>
    <ClCompile Include="..\src\zisync\kernel\libevent\http_response.cc">
      <Filter>Source Files</Filter>
    </ClCompile>
    <ClCompile Include="..\src\zisync\kernel\libevent\libevent_base.cc">
      <Filter>Source Files</Filter>
    </ClCompile>
    <ClCompile Include="..\src\zisync\kernel\libevent\libevent++.cc">
      <Filter>Source Files</Filter>
    </ClCompile>
    <ClCompile Include="..\src\zisync\kernel\libevent\libtar++.cc">
      <Filter>Source Files</Filter>
    </ClCompile>
    <ClCompile Include="..\src\zisync\kernel\libevent\report_data_server.cc">
      <Filter>Source Files</Filter>
    </ClCompile>
    <ClCompile Include="..\src\zisync\kernel\libevent\tar_download_task.cc">
      <Filter>Source Files</Filter>
    </ClCompile>
    <ClCompile Include="..\src\zisync\kernel\libevent\tar_get_task.cc">
      <Filter>Source Files</Filter>
    </ClCompile>
    <ClCompile Include="..\src\zisync\kernel\libevent\tar_put_task.cc">
      <Filter>Source Files</Filter>
    </ClCompile>
    <ClCompile Include="..\src\zisync\kernel\libevent\tar_reader.cc">
      <Filter>Source Files</Filter>
    </ClCompile>
    <ClCompile Include="..\src\zisync\kernel\libevent\tar_upload_task.cc">
      <Filter>Source Files</Filter>
    </ClCompile>
    <ClCompile Include="..\src\zisync\kernel\libevent\tar_writer.cc">
      <Filter>Source Files</Filter>
    </ClCompile>
    <ClCompile Include="..\src\zisync\kernel\libevent\transfer_connection.cc">
      <Filter>Source Files</Filter>
    </ClCompile>
    <ClCompile Include="..\src\zisync\kernel\libevent\transfer_server2.cc">
      <Filter>Source Files</Filter>
    </ClCompile>
    <ClCompile Include="..\src\zisync\kernel\libevent\ui_event_server.cc">
      <Filter>Source Files</Filter>
    </ClCompile>
    <ClCompile Include="..\src\zisync\kernel\libevent\transfer_task.cc">
      <Filter>Source Files</Filter>
    </ClCompile>
    <ClCompile Include="..\src\zisync\kernel\utils\sync_get_handler.cc">
      <Filter>Source Files</Filter>
    </ClCompile>
    <ClCompile Include="..\src\zisync\kernel\utils\sync_put_handler.cc">
      <Filter>Source Files</Filter>
    </ClCompile>
    <ClCompile Include="..\src\zisync\kernel\utils\updownload.cc">
      <Filter>Source Files</Filter>
    </ClCompile>
    <ClCompile Include="..\src\zisync\kernel\utils\upload.cc">
      <Filter>Source Files</Filter>
    </ClCompile>
    <ClCompile Include="..\src\zisync\kernel\utils\sync_upload_handler.cc">
      <Filter>Source Files</Filter>
    </ClCompile>
    <ClCompile Include="..\src\zisync\kernel\history\history_data_source.cc">
      <Filter>Source Files</Filter>
    </ClCompile>
    <ClCompile Include="..\src\zisync\kernel\history\history_manager.cc">
      <Filter>Source Files</Filter>
    </ClCompile>
    <ClCompile Include="..\src\zisync\kernel\permission.cc">
      <Filter>Source Files</Filter>
    </ClCompile>
    <ClCompile Include="..\src\zisync\kernel\utils\base64.cc">
      <Filter>Source Files</Filter>
    </ClCompile>
    <ClCompile Include="..\src\zisync\kernel\proto\verify.pb.cc">
      <Filter>Source Files</Filter>
    </ClCompile>
    <ClCompile Include="..\src\zisync\kernel\utils\plain_config.cc">
      <Filter>Source Files</Filter>
    </ClCompile>
    <ClCompile Include="..\src\zisync\kernel\libevent\openssl_hostname_validation.c">
      <Filter>Source Files</Filter>
    </ClCompile>
    <ClCompile Include="..\src\zisync\kernel\libevent\hostcheck.c">
      <Filter>Source Files</Filter>
    </ClCompile>
    <ClCompile Include="..\src\zisync\kernel\utils\url.cc">
      <Filter>Source Files</Filter>
    </ClCompile>
  </ItemGroup>
  <ItemGroup>
    <ClInclude Include="..\src\zisync\kernel\database\icore.h">
      <Filter>Header Files</Filter>
    </ClInclude>
    <ClInclude Include="..\src\zisync\kernel\database\icontent.h">
      <Filter>Header Files</Filter>
    </ClInclude>
    <ClInclude Include="..\src\zisync\kernel\database\xsqlite.h">
      <Filter>Header Files</Filter>
    </ClInclude>
    <ClInclude Include="..\src\zisync\kernel\database\content_provider.h">
      <Filter>Header Files</Filter>
    </ClInclude>
    <ClInclude Include="..\src\zisync\kernel\database\content_resolver.h">
      <Filter>Header Files</Filter>
    </ClInclude>
    <ClInclude Include="..\src\zisync\kernel\proto\kernel.pb.h">
      <Filter>Header Files</Filter>
    </ClInclude>
    <ClInclude Include="..\src\zisync\kernel\transfer\transfer.pb.h">
      <Filter>Header Files</Filter>
    </ClInclude>
    <ClInclude Include="..\src\zisync\kernel\zslog.h">
      <Filter>Header Files</Filter>
    </ClInclude>
    <ClInclude Include="..\src\zisync\kernel\platform\platform.h">
      <Filter>Header Files</Filter>
    </ClInclude>
    <ClInclude Include="..\src\zisync\kernel\worker\inner_worker.h">
      <Filter>Header Files</Filter>
    </ClInclude>
    <ClInclude Include="..\src\zisync\kernel\utils\error.h">
      <Filter>Header Files</Filter>
    </ClInclude>
    <ClInclude Include="..\src\zisync\kernel\utils\request.h">
      <Filter>Header Files</Filter>
    </ClInclude>
    <ClInclude Include="..\src\zisync\kernel\utils\zmq.h">
      <Filter>Header Files</Filter>
    </ClInclude>
    <ClInclude Include="..\src\zisync\kernel\utils\cipher.h">
      <Filter>Header Files</Filter>
    </ClInclude>
    <ClInclude Include="..\src\zisync\kernel\router.h">
      <Filter>Header Files</Filter>
    </ClInclude>
    <ClInclude Include="..\src\zisync\kernel\utils\sha.h">
      <Filter>Header Files</Filter>
    </ClInclude>
    <ClInclude Include="..\src\zisync\kernel\utils\usn.h">
      <Filter>Header Files</Filter>
    </ClInclude>
    <ClInclude Include="..\src\zisync\kernel\utils\response.h">
      <Filter>Header Files</Filter>
    </ClInclude>
    <ClInclude Include="..\src\zisync\kernel\utils\vector_clock.h">
      <Filter>Header Files</Filter>
    </ClInclude>
    <ClInclude Include="..\src\zisync\kernel\worker\worker.h">
      <Filter>Header Files</Filter>
    </ClInclude>
    <ClInclude Include="..\src\zisync\kernel\worker\refresh_worker.h">
      <Filter>Header Files</Filter>
    </ClInclude>
    <ClInclude Include="..\src\zisync\kernel\utils\configure.h">
      <Filter>Header Files</Filter>
    </ClInclude>
    <ClInclude Include="..\src\zisync\kernel\sync_tree_agent.h">
      <Filter>Header Files</Filter>
    </ClInclude>
    <ClInclude Include="..\src\zisync\kernel\database\content.h">
      <Filter>Header Files</Filter>
    </ClInclude>
    <ClInclude Include="..\src\zisync\kernel\worker\outer_worker.h">
      <Filter>Header Files</Filter>
    </ClInclude>
    <ClInclude Include="..\src\zisync\kernel\worker\sync_worker.h">
      <Filter>Header Files</Filter>
    </ClInclude>
    <ClInclude Include="..\src\zisync\kernel\monitor\monitor.h">
      <Filter>Header Files</Filter>
    </ClInclude>
    <ClInclude Include="..\src\zisync\kernel\utils\message.h">
      <Filter>Header Files</Filter>
    </ClInclude>
    <ClInclude Include="..\src\zisync\kernel\utils\read_fs_task.h">
      <Filter>Header Files</Filter>
    </ClInclude>
    <ClInclude Include="..\src\zisync\kernel\utils\file_stat.h">
      <Filter>Header Files</Filter>
    </ClInclude>
    <ClInclude Include="..\src\zisync\kernel\worker\push_sync.h">
      <Filter>Header Files</Filter>
    </ClInclude>
    <ClInclude Include="..\src\zisync\kernel\utils\token.h">
      <Filter>Header Files</Filter>
    </ClInclude>
    <ClInclude Include="..\src\zisync\kernel\worker\sync_file_task.h">
      <Filter>Header Files</Filter>
    </ClInclude>
    <ClInclude Include="..\src\zisync\kernel\monitor\fs_monitor.h">
      <Filter>Header Files</Filter>
    </ClInclude>
    <ClInclude Include="..\src\zisync\kernel\worker\sync_file.h">
      <Filter>Header Files</Filter>
    </ClInclude>
    <ClInclude Include="..\src\zisync\kernel\endpoint.h">
      <Filter>Header Files</Filter>
    </ClInclude>
    <ClInclude Include="..\src\zisync\kernel\sync_const.h">
      <Filter>Header Files</Filter>
    </ClInclude>
    <ClInclude Include="..\src\zisync\kernel\utils\pkcs12_cert.h">
      <Filter>Header Files</Filter>
    </ClInclude>
    <ClInclude Include="..\src\zisync\kernel\utils\x509_cert.h">
      <Filter>Header Files</Filter>
    </ClInclude>
    <ClInclude Include="..\src\zisync\kernel\transfer\tar_tree_stat.h">
      <Filter>Header Files</Filter>
    </ClInclude>
    <ClInclude Include="..\src\zisync\kernel\transfer\task_monitor.h">
      <Filter>Header Files</Filter>
    </ClInclude>
    <ClInclude Include="..\src\zisync\kernel\utils\abort.h">
      <Filter>Header Files</Filter>
    </ClInclude>
    <ClInclude Include="..\src\zisync\kernel\utils\sync_list.h">
      <Filter>Header Files</Filter>
    </ClInclude>
    <ClInclude Include="..\src\zisync\kernel\utils\context.h">
      <Filter>Header Files</Filter>
    </ClInclude>
    <ClInclude Include="..\src\zisync\kernel\monitor\delayed_directory_change_handler.h">
      <Filter>Header Files</Filter>
    </ClInclude>
    <ClInclude Include="..\src\zisync\kernel\monitor\directory_changes_windows.h">
      <Filter>Header Files</Filter>
    </ClInclude>
    <ClInclude Include="..\src\zisync\kernel\utils\event_notifier.h">
      <Filter>Header Files</Filter>
    </ClInclude>
    <ClInclude Include="..\src\zisync\kernel\utils\issue_request.h">
      <Filter>Header Files</Filter>
    </ClInclude>
    <ClInclude Include="..\src\zisync\kernel\tree_status.h">
      <Filter>Header Files</Filter>
    </ClInclude>
    <ClInclude Include="..\src\zisync\kernel\format.h">
      <Filter>Header Files</Filter>
    </ClInclude>
    <ClInclude Include="..\src\zisync\kernel\utils\tree_mutex.h">
      <Filter>Header Files</Filter>
    </ClInclude>
    <ClInclude Include="..\src\zisync\kernel\utils\trie.h">
      <Filter>Header Files</Filter>
    </ClInclude>
    <ClInclude Include="..\src\zisync\kernel\utils\download.h">
      <Filter>Header Files</Filter>
    </ClInclude>
    <ClInclude Include="..\src\zisync\kernel\utils\inner_request.h">
      <Filter>Header Files</Filter>
    </ClInclude>
    <ClInclude Include="..\src\zisync\kernel\utils\normalize_path.h">
      <Filter>Header Files</Filter>
    </ClInclude>
    <ClInclude Include="..\src\zisync\kernel\utils\ignore.h">
      <Filter>Header Files</Filter>
    </ClInclude>
    <ClInclude Include="..\src\zisync\kernel\utils\device.h">
      <Filter>Header Files</Filter>
    </ClInclude>
    <ClInclude Include="..\src\zisync\kernel\utils\sync.h">
      <Filter>Header Files</Filter>
    </ClInclude>
    <ClInclude Include="..\src\zisync\kernel\utils\tree.h">
      <Filter>Header Files</Filter>
    </ClInclude>
    <ClInclude Include="..\src\zisync\kernel\worker\report_monitor.h">
      <Filter>Header Files</Filter>
    </ClInclude>
    <ClInclude Include="..\src\zisync\kernel\utils\rename.h">
      <Filter>Header Files</Filter>
    </ClInclude>
    <ClInclude Include="..\src\zisync\kernel\utils\query_cache.h">
      <Filter>Header Files</Filter>
    </ClInclude>
    <ClInclude Include="..\src\zisync\kernel\utils\sync_updater.h">
      <Filter>Header Files</Filter>
    </ClInclude>
    <ClInclude Include="..\src\zisync\kernel\utils\tree_traverse.h">
      <Filter>Header Files</Filter>
    </ClInclude>
    <ClInclude Include="..\src\zisync\kernel\utils\reportdata_handler.h">
      <Filter>Header Files</Filter>
    </ClInclude>
    <ClInclude Include="..\src\zisync\kernel\libevent\dht.h">
      <Filter>Header Files</Filter>
    </ClInclude>
    <ClInclude Include="..\src\zisync\kernel\libevent\discover.h">
      <Filter>Header Files</Filter>
    </ClInclude>
    <ClInclude Include="..\src\zisync\kernel\libevent\discover_data_source.h">
      <Filter>Header Files</Filter>
    </ClInclude>
    <ClInclude Include="..\src\zisync\kernel\libevent\discover_server.h">
      <Filter>Header Files</Filter>
    </ClInclude>
    <ClInclude Include="..\src\zisync\kernel\libevent\http.h">
      <Filter>Header Files</Filter>
    </ClInclude>
    <ClInclude Include="..\src\zisync\kernel\libevent\http_request.h">
      <Filter>Header Files</Filter>
    </ClInclude>
    <ClInclude Include="..\src\zisync\kernel\libevent\http_response.h">
      <Filter>Header Files</Filter>
    </ClInclude>
    <ClInclude Include="..\src\zisync\kernel\libevent\libevent_base.h">
      <Filter>Header Files</Filter>
    </ClInclude>
    <ClInclude Include="..\src\zisync\kernel\libevent\libevent++.h">
      <Filter>Header Files</Filter>
    </ClInclude>
    <ClInclude Include="..\src\zisync\kernel\libevent\libtar++.h">
      <Filter>Header Files</Filter>
    </ClInclude>
    <ClInclude Include="..\src\zisync\kernel\libevent\report_data_server.h">
      <Filter>Header Files</Filter>
    </ClInclude>
    <ClInclude Include="..\src\zisync\kernel\libevent\tar.h">
      <Filter>Header Files</Filter>
    </ClInclude>
    <ClInclude Include="..\src\zisync\kernel\libevent\tar_download_task.h">
      <Filter>Header Files</Filter>
    </ClInclude>
    <ClInclude Include="..\src\zisync\kernel\libevent\tar_get_task.h">
      <Filter>Header Files</Filter>
    </ClInclude>
    <ClInclude Include="..\src\zisync\kernel\libevent\tar_put_task.h">
      <Filter>Header Files</Filter>
    </ClInclude>
    <ClInclude Include="..\src\zisync\kernel\libevent\tar_reader.h">
      <Filter>Header Files</Filter>
    </ClInclude>
    <ClInclude Include="..\src\zisync\kernel\libevent\tar_upload_task.h">
      <Filter>Header Files</Filter>
    </ClInclude>
    <ClInclude Include="..\src\zisync\kernel\libevent\tar_writer.h">
      <Filter>Header Files</Filter>
    </ClInclude>
    <ClInclude Include="..\src\zisync\kernel\libevent\transfer.h">
      <Filter>Header Files</Filter>
    </ClInclude>
    <ClInclude Include="..\src\zisync\kernel\libevent\transfer_connection.h">
      <Filter>Header Files</Filter>
    </ClInclude>
    <ClInclude Include="..\src\zisync\kernel\libevent\transfer_server2.h">
      <Filter>Header Files</Filter>
    </ClInclude>
    <ClInclude Include="..\src\zisync\kernel\libevent\transfer_task.h">
      <Filter>Header Files</Filter>
    </ClInclude>
    <ClInclude Include="..\src\zisync\kernel\libevent\ui_event_server.h">
      <Filter>Header Files</Filter>
    </ClInclude>
    <ClInclude Include="..\src\zisync\kernel\utils\sync_get_handler.h">
      <Filter>Header Files</Filter>
    </ClInclude>
    <ClInclude Include="..\src\zisync\kernel\utils\sync_put_handler.h">
      <Filter>Header Files</Filter>
    </ClInclude>
    <ClInclude Include="..\src\zisync\kernel\utils\updownload.h">
      <Filter>Header Files</Filter>
    </ClInclude>
    <ClInclude Include="..\src\zisync\kernel\utils\upload.h">
      <Filter>Header Files</Filter>
    </ClInclude>
    <ClInclude Include="..\src\zisync\kernel\utils\sync_upload_handler.h">
      <Filter>Header Files</Filter>
    </ClInclude>
    <ClInclude Include="..\src\zisync\kernel\permission.h">
      <Filter>Header Files</Filter>
    </ClInclude>
    <ClInclude Include="..\src\zisync\kernel\utils\base64.h">
      <Filter>Header Files</Filter>
    </ClInclude>
    <ClInclude Include="..\src\zisync\kernel\proto\verify.pb.h">
      <Filter>Header Files</Filter>
    </ClInclude>
    <ClInclude Include="..\src\zisync\kernel\utils\plain_config.h">
      <Filter>Header Files</Filter>
    </ClInclude>
    <ClInclude Include="..\src\zisync\kernel\libevent\hostcheck.h">
      <Filter>Header Files</Filter>
    </ClInclude>
    <ClInclude Include="..\src\zisync\kernel\libevent\openssl_hostname_validation.h">
      <Filter>Header Files</Filter>
    </ClInclude>
    <ClInclude Include="..\src\zisync\kernel\utils\url.h">
      <Filter>Header Files</Filter>
    </ClInclude>
  </ItemGroup>
</Project>